
Microsoft Visual Studio Solution File, Format Version 12.00
# Visual Studio Version 16
VisualStudioVersion = 16.0.30002.166
MinimumVisualStudioVersion = 10.0.40219.1
Project("{9A19103F-16F7-4668-BE54-9A1E7A4F7556}") = "SharpClipboard", "SharpClipboard\SharpClipboard.csproj", "{005C3326-D638-4113-AEBB-A83433CC015E}"
EndProject
Project("{9A19103F-16F7-4668-BE54-9A1E7A4F7556}") = "SharpClipboard.Tests.WinForms", "SharpCliboard.Tests.WinForms\SharpClipboard.Tests.WinForms.csproj", "{86F8EAC7-259D-4A2F-842D-AA93163293C0}"
EndProject
Project("{FAE04EC0-301F-11D3-BF4B-00C04F79EFBC}") = "SharpClipboard.Tests.NetCoreWinForms", "SharpClipboard.Tests.NetCoreWinForms\SharpClipboard.Tests.NetCoreWinForms.csproj", "{D73E5EB1-DC2F-46E2-A30D-D76ECF2C4A07}"
EndProject
Global
	GlobalSection(SolutionConfigurationPlatforms) = preSolution
		Debug|Any CPU = Debug|Any CPU
		Release|Any CPU = Release|Any CPU
	EndGlobalSection
	GlobalSection(ProjectConfigurationPlatforms) = postSolution
		{005C3326-D638-4113-AEBB-A83433CC015E}.Debug|Any CPU.ActiveCfg = Debug|Any CPU
		{005C3326-D638-4113-AEBB-A83433CC015E}.Debug|Any CPU.Build.0 = Debug|Any CPU
		{005C3326-D638-4113-AEBB-A83433CC015E}.Release|Any CPU.ActiveCfg = Release|Any CPU
		{005C3326-D638-4113-AEBB-A83433CC015E}.Release|Any CPU.Build.0 = Release|Any CPU
		{86F8EAC7-259D-4A2F-842D-AA93163293C0}.Debug|Any CPU.ActiveCfg = Debug|Any CPU
		{86F8EAC7-259D-4A2F-842D-AA93163293C0}.Debug|Any CPU.Build.0 = Debug|Any CPU
		{86F8EAC7-259D-4A2F-842D-AA93163293C0}.Release|Any CPU.ActiveCfg = Release|Any CPU
		{86F8EAC7-259D-4A2F-842D-AA93163293C0}.Release|Any CPU.Build.0 = Release|Any CPU
		{D73E5EB1-DC2F-46E2-A30D-D76ECF2C4A07}.Debug|Any CPU.ActiveCfg = Debug|Any CPU
		{D73E5EB1-DC2F-46E2-A30D-D76ECF2C4A07}.Debug|Any CPU.Build.0 = Debug|Any CPU
		{D73E5EB1-DC2F-46E2-A30D-D76ECF2C4A07}.Release|Any CPU.ActiveCfg = Release|Any CPU
		{D73E5EB1-DC2F-46E2-A30D-D76ECF2C4A07}.Release|Any CPU.Build.0 = Release|Any CPU
	EndGlobalSection
	GlobalSection(SolutionProperties) = preSolution
		HideSolutionNode = FALSE
	EndGlobalSection
	GlobalSection(ExtensibilityGlobals) = postSolution
		SolutionGuid = {8D4EE96B-783A-40A6-ACB6-75B1ABB152B6}
	EndGlobalSection
EndGlobal
